{
  "version": 1,
  "dependencies": {
    "net9.0": {
      "Microsoft.DotNet.ILCompiler": {
        "type": "Direct",
        "requested": "[9.0.2, )",
        "resolved": "9.0.2",
        "contentHash": "eyIUUqqPy7brzmoV04zabOUm0puEAAjZd3O3vuzan9iTTh0oIPwts8fLxZFoEZCFi63ACFtHbNBs5Y7myB3ZDQ=="
      },
      "Microsoft.NET.ILLink.Tasks": {
        "type": "Direct",
        "requested": "[9.0.2, )",
        "resolved": "9.0.2",
        "contentHash": "+KFnCLVPicEq99ko0tq+ycTvNLXHw0tImmTZjPloB/DOFLPT56KLfk5aS7wbgXRPzYhXTTBYLGaABea5mke77w=="
      },
      "System.CommandLine": {
        "type": "Direct",
        "requested": "[2.0.0-beta1.20071.2, )",
        "resolved": "2.0.0-beta1.20071.2",
        "contentHash": "jlLkd6R6SUP9Dfjkg3N/0YNfkw3yWZWDHhpwuCJmnyNVLZKczeFM8VNxaIvob+Gxdl+FNL2CjeyrtJZqygIWXg==",
        "dependencies": {
          "Microsoft.CSharp": "4.4.1",
          "system.memory": "4.5.3"
        }
      },
      "Microsoft.CSharp": {
        "type": "Transitive",
        "resolved": "4.4.1",
        "contentHash": "A5hI3gk6WpcBI0QGZY6/d5CCaYUxJgi7iENn1uYEng+Olo8RfI5ReGVkjXjeu3VR3srLvVYREATXa2M0X7FYJA=="
      },
      "System.Memory": {
        "type": "Transitive",
        "resolved": "4.5.3",
        "contentHash": "3oDzvc/zzetpTKWMShs1AADwZjQ/36HnsufHRPcOjyRAAMLDlu2iD33MBI2opxnezcVUtXyqDXXjoFMOU9c7SA=="
      }
    },
    "net9.0/win-x64": {
      "Microsoft.DotNet.ILCompiler": {
        "type": "Direct",
        "requested": "[9.0.2, )",
        "resolved": "9.0.2",
        "contentHash": "eyIUUqqPy7brzmoV04zabOUm0puEAAjZd3O3vuzan9iTTh0oIPwts8fLxZFoEZCFi63ACFtHbNBs5Y7myB3ZDQ==",
        "dependencies": {
          "runtime.win-x64.Microsoft.DotNet.ILCompiler": "9.0.2"
        }
      },
      "runtime.win-x64.Microsoft.DotNet.ILCompiler": {
        "type": "Transitive",
        "resolved": "9.0.2",
        "contentHash": "i+GxLf1LRnhYdrUMHwDjRGUUhK+YEBaSgbvTEF5zhgN7AjMPIsiRX6r+7rtUBOZnkp47YYfL1eCkronW6MTi1g=="
      }
    }
  }
}